
Microsoft Visual Studio Solution File, Format Version 12.00
# Visual Studio Version 17
VisualStudioVersion = 17.9.34723.18
MinimumVisualStudioVersion = 10.0.40219.1
Project("{FAE04EC0-301F-11D3-BF4B-00C04F79EFBC}") = "BloggingDemo", "BloggingDemo.csproj", "{6C52CE38-4CEE-40AF-BD4E-8E6BA918EB6E}"
EndProject
Global
	GlobalSection(SolutionConfigurationPlatforms) = preSolution
		Debug|Any CPU = Debug|Any CPU
		Release|Any CPU = Release|Any CPU
	EndGlobalSection
	GlobalSection(ProjectConfigurationPlatforms) = postSolution
		{6C52CE38-4CEE-40AF-BD4E-8E6BA918EB6E}.Debug|Any CPU.ActiveCfg = Debug|Any CPU
		{6C52CE38-4CEE-40AF-BD4E-8E6BA918EB6E}.Debug|Any CPU.Build.0 = Debug|Any CPU
		{6C52CE38-4CEE-40AF-BD4E-8E6BA918EB6E}.Release|Any CPU.ActiveCfg = Release|Any CPU
		{6C52CE38-4CEE-40AF-BD4E-8E6BA918EB6E}.Release|Any CPU.Build.0 = Release|Any CPU
	EndGlobalSection
	GlobalSection(SolutionProperties) = preSolution
		HideSolutionNode = FALSE
	EndGlobalSection
	GlobalSection(ExtensibilityGlobals) = postSolution
		SolutionGuid = {C6E7C2DF-A730-4147-8F0D-20A288B1ED39}
	EndGlobalSection
EndGlobal
